
Microsoft Visual Studio Solution File, Format Version 12.00
# Visual Studio Version 17
VisualStudioVersion = 17.1.32414.318
MinimumVisualStudioVersion = 10.0.40219.1
Project("{2150E333-8FDC-42A3-9474-1A3956D46DE8}") = "Person", "Person", "{2DF739F8-ABE6-406F-82B2-EFBDF81D6CCB}"
EndProject
Project("{2150E333-8FDC-42A3-9474-1A3956D46DE8}") = "Report", "Report", "{0FC0A3BB-902E-4598-BFFC-AE56E54603F2}"
EndProject
Project("{2150E333-8FDC-42A3-9474-1A3956D46DE8}") = "SolutionItems", "SolutionItems", "{383B7442-8F9D-487A-AC18-0D54566DB75E}"
	ProjectSection(SolutionItems) = preProject
		Ports.txt = Ports.txt
	EndProjectSection
EndProject
Project("{9A19103F-16F7-4668-BE54-9A1E7A4F7556}") = "MT.PersonService.Core", "MT.PersonService.Core\MT.PersonService.Core.csproj", "{7BD6D68F-E7BC-4409-8C77-F4508E385ED5}"
EndProject
Project("{9A19103F-16F7-4668-BE54-9A1E7A4F7556}") = "MT.PersonService.Data", "MT.PersonService.Data\MT.PersonService.Data.csproj", "{7605EA0F-32DB-4834-8789-0355B3356A00}"
EndProject
Project("{9A19103F-16F7-4668-BE54-9A1E7A4F7556}") = "MT.PersonService.Service", "MT.PersonService.Service\MT.PersonService.Service.csproj", "{EF408A5A-5ACA-400B-ABB3-2B3AF012586E}"
EndProject
Project("{9A19103F-16F7-4668-BE54-9A1E7A4F7556}") = "MT.PersonService.API", "MT.PersonService.API\MT.PersonService.API.csproj", "{882E9B6B-5263-4E4C-815F-7713B4552BEB}"
EndProject
Project("{9A19103F-16F7-4668-BE54-9A1E7A4F7556}") = "MT.ReportService.Core", "MT.ReportService.Core\MT.ReportService.Core.csproj", "{2A0EC991-979E-4A03-A53C-89116FBAC81E}"
EndProject
Project("{9A19103F-16F7-4668-BE54-9A1E7A4F7556}") = "MT.ReportService.Data", "MT.ReportService.Data\MT.ReportService.Data.csproj", "{3A92DDD0-26C5-4E11-9C95-C6B86A45331B}"
EndProject
Project("{9A19103F-16F7-4668-BE54-9A1E7A4F7556}") = "MT.ReportService.Service", "MT.ReportService.Service\MT.ReportService.Service.csproj", "{61277C21-4E68-47BA-815B-05DB11B9AF7A}"
EndProject
Project("{9A19103F-16F7-4668-BE54-9A1E7A4F7556}") = "MT.ReportService.API", "MT.ReportService.API\MT.ReportService.API.csproj", "{47EE30B5-BE6D-46AA-B758-C53424C34B01}"
EndProject
Project("{2150E333-8FDC-42A3-9474-1A3956D46DE8}") = "SagaStateMachine", "SagaStateMachine", "{16A9FDBA-7CE4-4D7F-B8A5-4071FB58EBAC}"
EndProject
Project("{9A19103F-16F7-4668-BE54-9A1E7A4F7556}") = "MT.RabbitMqSaga", "MT.RabbitMqSaga\MT.RabbitMqSaga.csproj", "{59B0EFFC-9EE8-4A1F-8743-70B4DB13C299}"
EndProject
Project("{2150E333-8FDC-42A3-9474-1A3956D46DE8}") = "RabbitMq", "RabbitMq", "{C48BF771-6009-4278-A1C6-731C74BAC319}"
EndProject
Project("{9A19103F-16F7-4668-BE54-9A1E7A4F7556}") = "MT.RabbitMq", "MT.RabbitMq\MT.RabbitMq.csproj", "{ED4DF2D3-BD13-48EC-84D0-CEE32DE25DD8}"
EndProject
Project("{9A19103F-16F7-4668-BE54-9A1E7A4F7556}") = "MT.RabbitMqMessage", "MT.RabbitMqMessage\MT.RabbitMqMessage.csproj", "{692F08C5-02A2-43C7-9B05-EBF3B5634230}"
EndProject
Project("{9A19103F-16F7-4668-BE54-9A1E7A4F7556}") = "MT.StateMachineRun", "MT.StateMachineRun\MT.StateMachineRun.csproj", "{44A2430E-AC5F-4B2E-BE29-A903A765232D}"
EndProject
Global
	GlobalSection(SolutionConfigurationPlatforms) = preSolution
		Debug|Any CPU = Debug|Any CPU
		Release|Any CPU = Release|Any CPU
	EndGlobalSection
	GlobalSection(ProjectConfigurationPlatforms) = postSolution
		{7BD6D68F-E7BC-4409-8C77-F4508E385ED5}.Debug|Any CPU.ActiveCfg = Debug|Any CPU
		{7BD6D68F-E7BC-4409-8C77-F4508E385ED5}.Debug|Any CPU.Build.0 = Debug|Any CPU
		{7BD6D68F-E7BC-4409-8C77-F4508E385ED5}.Release|Any CPU.ActiveCfg = Release|Any CPU
		{7BD6D68F-E7BC-4409-8C77-F4508E385ED5}.Release|Any CPU.Build.0 = Release|Any CPU
		{7605EA0F-32DB-4834-8789-0355B3356A00}.Debug|Any CPU.ActiveCfg = Debug|Any CPU
		{7605EA0F-32DB-4834-8789-0355B3356A00}.Debug|Any CPU.Build.0 = Debug|Any CPU
		{7605EA0F-32DB-4834-8789-0355B3356A00}.Release|Any CPU.ActiveCfg = Release|Any CPU
		{7605EA0F-32DB-4834-8789-0355B3356A00}.Release|Any CPU.Build.0 = Release|Any CPU
		{EF408A5A-5ACA-400B-ABB3-2B3AF012586E}.Debug|Any CPU.ActiveCfg = Debug|Any CPU
		{EF408A5A-5ACA-400B-ABB3-2B3AF012586E}.Debug|Any CPU.Build.0 = Debug|Any CPU
		{EF408A5A-5ACA-400B-ABB3-2B3AF012586E}.Release|Any CPU.ActiveCfg = Release|Any CPU
		{EF408A5A-5ACA-400B-ABB3-2B3AF012586E}.Release|Any CPU.Build.0 = Release|Any CPU
		{882E9B6B-5263-4E4C-815F-7713B4552BEB}.Debug|Any CPU.ActiveCfg = Debug|Any CPU
		{882E9B6B-5263-4E4C-815F-7713B4552BEB}.Debug|Any CPU.Build.0 = Debug|Any CPU
		{882E9B6B-5263-4E4C-815F-7713B4552BEB}.Release|Any CPU.ActiveCfg = Release|Any CPU
		{882E9B6B-5263-4E4C-815F-7713B4552BEB}.Release|Any CPU.Build.0 = Release|Any CPU
		{2A0EC991-979E-4A03-A53C-89116FBAC81E}.Debug|Any CPU.ActiveCfg = Debug|Any CPU
		{2A0EC991-979E-4A03-A53C-89116FBAC81E}.Debug|Any CPU.Build.0 = Debug|Any CPU
		{2A0EC991-979E-4A03-A53C-89116FBAC81E}.Release|Any CPU.ActiveCfg = Release|Any CPU
		{2A0EC991-979E-4A03-A53C-89116FBAC81E}.Release|Any CPU.Build.0 = Release|Any CPU
		{3A92DDD0-26C5-4E11-9C95-C6B86A45331B}.Debug|Any CPU.ActiveCfg = Debug|Any CPU
		{3A92DDD0-26C5-4E11-9C95-C6B86A45331B}.Debug|Any CPU.Build.0 = Debug|Any CPU
		{3A92DDD0-26C5-4E11-9C95-C6B86A45331B}.Release|Any CPU.ActiveCfg = Release|Any CPU
		{3A92DDD0-26C5-4E11-9C95-C6B86A45331B}.Release|Any CPU.Build.0 = Release|Any CPU
		{61277C21-4E68-47BA-815B-05DB11B9AF7A}.Debug|Any CPU.ActiveCfg = Debug|Any CPU
		{61277C21-4E68-47BA-815B-05DB11B9AF7A}.Debug|Any CPU.Build.0 = Debug|Any CPU
		{61277C21-4E68-47BA-815B-05DB11B9AF7A}.Release|Any CPU.ActiveCfg = Release|Any CPU
		{61277C21-4E68-47BA-815B-05DB11B9AF7A}.Release|Any CPU.Build.0 = Release|Any CPU
		{47EE30B5-BE6D-46AA-B758-C53424C34B01}.Debug|Any CPU.ActiveCfg = Debug|Any CPU
		{47EE30B5-BE6D-46AA-B758-C53424C34B01}.Debug|Any CPU.Build.0 = Debug|Any CPU
		{47EE30B5-BE6D-46AA-B758-C53424C34B01}.Release|Any CPU.ActiveCfg = Release|Any CPU
		{47EE30B5-BE6D-46AA-B758-C53424C34B01}.Release|Any CPU.Build.0 = Release|Any CPU
		{59B0EFFC-9EE8-4A1F-8743-70B4DB13C299}.Debug|Any CPU.ActiveCfg = Debug|Any CPU
		{59B0EFFC-9EE8-4A1F-8743-70B4DB13C299}.Debug|Any CPU.Build.0 = Debug|Any CPU
		{59B0EFFC-9EE8-4A1F-8743-70B4DB13C299}.Release|Any CPU.ActiveCfg = Release|Any CPU
		{59B0EFFC-9EE8-4A1F-8743-70B4DB13C299}.Release|Any CPU.Build.0 = Release|Any CPU
		{ED4DF2D3-BD13-48EC-84D0-CEE32DE25DD8}.Debug|Any CPU.ActiveCfg = Debug|Any CPU
		{ED4DF2D3-BD13-48EC-84D0-CEE32DE25DD8}.Debug|Any CPU.Build.0 = Debug|Any CPU
		{ED4DF2D3-BD13-48EC-84D0-CEE32DE25DD8}.Release|Any CPU.ActiveCfg = Release|Any CPU
		{ED4DF2D3-BD13-48EC-84D0-CEE32DE25DD8}.Release|Any CPU.Build.0 = Release|Any CPU
		{692F08C5-02A2-43C7-9B05-EBF3B5634230}.Debug|Any CPU.ActiveCfg = Debug|Any CPU
		{692F08C5-02A2-43C7-9B05-EBF3B5634230}.Debug|Any CPU.Build.0 = Debug|Any CPU
		{692F08C5-02A2-43C7-9B05-EBF3B5634230}.Release|Any CPU.ActiveCfg = Release|Any CPU
		{692F08C5-02A2-43C7-9B05-EBF3B5634230}.Release|Any CPU.Build.0 = Release|Any CPU
		{44A2430E-AC5F-4B2E-BE29-A903A765232D}.Debug|Any CPU.ActiveCfg = Debug|Any CPU
		{44A2430E-AC5F-4B2E-BE29-A903A765232D}.Debug|Any CPU.Build.0 = Debug|Any CPU
		{44A2430E-AC5F-4B2E-BE29-A903A765232D}.Release|Any CPU.ActiveCfg = Release|Any CPU
		{44A2430E-AC5F-4B2E-BE29-A903A765232D}.Release|Any CPU.Build.0 = Release|Any CPU
	EndGlobalSection
	GlobalSection(SolutionProperties) = preSolution
		HideSolutionNode = FALSE
	EndGlobalSection
	GlobalSection(NestedProjects) = preSolution
		{7BD6D68F-E7BC-4409-8C77-F4508E385ED5} = {2DF739F8-ABE6-406F-82B2-EFBDF81D6CCB}
		{7605EA0F-32DB-4834-8789-0355B3356A00} = {2DF739F8-ABE6-406F-82B2-EFBDF81D6CCB}
		{EF408A5A-5ACA-400B-ABB3-2B3AF012586E} = {2DF739F8-ABE6-406F-82B2-EFBDF81D6CCB}
		{882E9B6B-5263-4E4C-815F-7713B4552BEB} = {2DF739F8-ABE6-406F-82B2-EFBDF81D6CCB}
		{2A0EC991-979E-4A03-A53C-89116FBAC81E} = {0FC0A3BB-902E-4598-BFFC-AE56E54603F2}
		{3A92DDD0-26C5-4E11-9C95-C6B86A45331B} = {0FC0A3BB-902E-4598-BFFC-AE56E54603F2}
		{61277C21-4E68-47BA-815B-05DB11B9AF7A} = {0FC0A3BB-902E-4598-BFFC-AE56E54603F2}
		{47EE30B5-BE6D-46AA-B758-C53424C34B01} = {0FC0A3BB-902E-4598-BFFC-AE56E54603F2}
		{59B0EFFC-9EE8-4A1F-8743-70B4DB13C299} = {16A9FDBA-7CE4-4D7F-B8A5-4071FB58EBAC}
		{ED4DF2D3-BD13-48EC-84D0-CEE32DE25DD8} = {C48BF771-6009-4278-A1C6-731C74BAC319}
		{692F08C5-02A2-43C7-9B05-EBF3B5634230} = {C48BF771-6009-4278-A1C6-731C74BAC319}
		{44A2430E-AC5F-4B2E-BE29-A903A765232D} = {16A9FDBA-7CE4-4D7F-B8A5-4071FB58EBAC}
	EndGlobalSection
	GlobalSection(ExtensibilityGlobals) = postSolution
		SolutionGuid = {00A7A020-B5E6-4448-A3EC-F3D9F528E9E5}
	EndGlobalSection
EndGlobal
